(setq el-get-lock-package-versions
      '((pangu-spacing :checksum "e3dbbe87b91ab3e368fdcbcd0761ce403020db36")
        (pdf-tools :checksum "87690b7b568ae6145dfa4ffc9fc085b80ed039fa")
        (tablist :checksum "f13b8f048d0bde14bcf4ee4c9006fcd875b28783")
        (helm-descbinds :checksum "6d5ddc11e6cef86548bd6b3e0d840112d602659c")
        (palette :checksum "6d9994c149a2fe4aab4d56bedc4a613b0db6e374")
        (which-key :checksum "c493e0b4bb53c524d99c6ad071ba0a22259f8f38")
        (diminish :checksum "73669b69e5f9a0c9261c5b53624329d0e24d1ed8")
        (elfeed :checksum "f45deed1694340df010e5c60776bfef3784a2c7f")
        (noflet :checksum "7ae84dc3257637af7334101456dafe1759c6b68a")
        (esup :checksum "7ab0f4cb39398528e7dee5200a7ccf7eb8f0a3db")
        (switch-buffer-functions-el :checksum "4778a2bc9ecfb71bb2b6a65c7108260ec8f30a37")
        (ess :checksum "3a5b7457bb1a8e2bcd7e3016e115204a34748461")
        (persp-mode\.el :checksum "84c324432cb329581f4417f9d783bf321a770037")
        (smart-newline :checksum "f5f5ff033645aea0652aa375b034746754a38b1e")
        (mew :checksum "eb3cb8f25f20a0a241f88ec48953cf49ff43a116")
        (magit :checksum "c2cc9f217f2e79eefef46530e36fe4db30db1ad3")
        (yasnippet :checksum "309fe157f60e537e94f95e1ce3505a3fcdbd4994")
        (redo+ :checksum "6c91a142cbb9914140c959c79bf8bdba0a0894e2")
        (recentf-ext :checksum "495bfe07e8a759f1e6dfbd45e62ae2f72404ff79")
        (ruby-block :checksum "289c34dca6daa1a1591537e1c56b687c14631930")
        (sequential-command-config :checksum "c35a1ef45d77612bc6cd1a8ad9b29f00423f433f")
        (sequential-command :checksum "2d211c05cbd630ac88bb34fe91715f76b853f138")
        (ruby-end :checksum "79b4ea788b9cae9282da809507d0a56aa9c057c8")
        (robe-mode :checksum "1d03485c37632f8fde0988b24de4f4b26bab07c0")
        (restart-emacs :checksum "0dc6d689cd7fa080fe7c19431863bf7186f910e9")
        (rbenv :checksum "2ea1a5bdc1266caef1dd77700f2c8f42429b03f1")
        (projectile :checksum "5ad4275672beff1404ebead240836e0697cea4b2")
        (pkg-info :checksum "76ba7415480687d05a4353b27fea2ae02b8d9d61")
        (org-tree-slide :checksum "fed7ec7e6df59cffcdb4c13a9345f4d828404dd8")
        (org-pomodoro :checksum "95e2b1f555359a6096a19634814e1d93b2072f25")
        (multiple-cursors :checksum "dfaf6215fced1eb81ce4b91e8a19a7346e94325e")
        (migemo :checksum "e4744efae1b2fdea2bbd2ceaff0f6ea0bb739f5a")
        (with-editor :checksum "6f41998405796336575b1fce49b84667feaa9b9f")
        (volatile-highlights :checksum "9a20091f0ce7fc0a6b3e641a6a46d5f3ac4d8392")
        (visual-regexp-steroids :checksum "6fe4e504ae7a532d67aead6089d68bb2406e4c25")
        (visual-regexp :checksum "96dea5e40a2f904da8efb7cff968d770550b9fb8")
        (use-package :checksum "3f6ba1bb8ad3fd81278b6787c664639a6a0df6f5")
        (undohist :checksum "d2239a5f736724ceb9e3b6bcaa86f4064805cda0")
        (undo-tree :checksum "a3e81b682053a81e082139300ef0a913a7a610a2")
        (sync-recentf :checksum "0052561d5c5b5c2684faedc3eead776aec06c3ed")
        (smartrep :checksum "f0ff5a6d7b8603603598ae3045c98b011e58d86e")
        (smartparens :checksum "0e47f4a16c9cc18f3fd875a0b80ee69e5939125c")
        (shackle :checksum "fcd9f53cd044ad169a240e3d12a2cf2d65485db6")
        (seq :checksum "0bfd9873323910170c6754e7e8a2e59ef0b0579d")
        (s :checksum "0d074a1967bc375c17e317edfe396d88798cb734")
        (open-junk-file :checksum "f87b93ec26e92dc747da43499d0cbf5ab70fd8c2")
        (helm :checksum "bb8bf3041318cd5dc557497ba22e670db854495f")
        (evil :checksum "f2648b841f9bcded8764ce63410065d2b8c5f856")
        (anzu :checksum "9574e8140f7ec35c148d440f850d0303f76fd377")
        (avy :checksum "0f5e99b5e9a0fe709e5bce8ea4462dc732b2a281")
        (irony-mode :checksum "4b63b809c9643b90d396cbcc1ed0a53659888f4d")
        (init-loader :checksum "287da99eadfa3dd85492506db43d68324069b593")
        (inf-ruby :checksum "4d820954241988b4506e067fa9fdf6d574876e2c")
        (highlight-symbol :checksum "7a789c779648c55b16e43278e51be5898c121b3a")
        (helm-swoop :checksum "6d3fdcfb6dea06242efc8ff4cafff9917e558bfc")
        (helm-projectile :checksum "29836e0a062d715fe6072f1a2af9229ac9a55d38")
        (helm-ls-git :checksum "841400ff302c5fdcba55fd6b2a18a01b420fcfd2")
        (helm-gtags :checksum "1dd22dcc97a593f920f10acd7afd167f0e060f7b")
        (helm-git-grep :checksum "456ea8324eb811f099dad993ae94c8837368b23a")
        (helm-c-yasnippet :checksum "5bf2c2adc0afe38c17c7cbf8c5d8a0604c4ee51f")
        (helm-ag :checksum "9c2a9508b23f645e73bfcc5efb809daa1fe8f01b")
        (flycheck :checksum "7aa83288fbfdd0b86f8badefce292d61b2eb0d23")
        (f :checksum "00665ee72c7329ba917c89386cf15143a6ddc45f")
        (expand-region :checksum "cfef9aab6a3e826124ac53409b5c7bd6defa3b2d")
        (exec-path-from-shell :checksum "5836fb1656493be4152e8f20b5b0ec3d49ca2787")
        (evil-numbers :checksum "6ea1c8c3a9b37bed63d48f1128e9a4910e68187e")
        (epl :checksum "a5ad061d0a5eb42f66c384e55d102da7d52c96b0")
        (emacs-async :checksum "8bc0678ebca97e7b1c6e78e75e03f8dfd502d63a")
        (el-get-lock :checksum "df8cfe55441695865a64b97946750b6413a40425")
        (easy-kill :checksum "e2b667f651a3531164d24ea4cbcd8c34fba0e17f")
        (dired-hacks :checksum "d53877ccfd6955c2037d0c214638b6945c8e4511")
        (dash :checksum "f1c60c4f114e6f7256100364e04bbd32552b0eaf")
        (company-mode :checksum "f2327bc7f303fcf83c3d8f9c76f61deaa110ebb5")
        (company-irony :checksum "f1d6761c581fd12fa1188e26478c0229d8348332")
        (comment-dwim-2 :checksum "8cedecde018b5872195bfead6511af822776a430")
        (goto-chg :checksum "50e58f9e6bb0b8b8e3a24ed817ff78512a770448")
        (dired-open :checksum "12f987001c9a037a77b59a8d8530bdac5ffeb1fa")
        (ace-jump-mode :checksum "8351e2df4fbbeb2a4003f2fb39f46d33803f3dac")
        (alert :checksum "aa5938ae2c74ee1c296b844dc1d126cb8a31dfe1")
        (ace-isearch :checksum "fdce872231b0e1e36f49a3d363a004cebf7cfcd4")
        (el-get :checksum "784440c8559c26b28474c2169908969a6668c661")
        (quickrun :checksum "487a74c7db513ceba86e849c8f42f834234c1f7b")))
(setq el-get-lock-locked-packages 'nil)
(setq el-get-lock-unlocked-packages 'nil)
