(setq el-get-lock-package-versions
      '((japanese-holidays :checksum "0bccfac342d6ebda1c1a35c3babca0c800ff0c9b")
        (request :checksum "48a35969f7c41810d550e6cdf784cb86c5a05a20")
        (deferred :checksum "d012a1ab50edcc2c44e3e49006f054dbff47cb6c")
        (yatemplate :checksum "3854836489ce06bb65cf9aecbdc06aa5fc6801c5")
        (magit :checksum "e54594b046b7fc2d71c6c001348eb0233fac1d4d")
        (mew :checksum "7ea2baefff668263bf011c72879c2aa88125f2de")
        (init-loader :checksum "287da99eadfa3dd85492506db43d68324069b593")
        (ht :checksum "8b9281611c49335e97f2b644e34aa07a47dc4b2a")
        (pdf-tools :checksum "f314597b2e391f6564e4f9e5cc3af0b4b53f19e9")
        (f :checksum "fabdbd4a4a8caf8684f0fa656f457a03c5dfa4de")
        (anzu :checksum "e6c56ca8b23ac433f7be58b6f3f50801dd4164e4")
        (diminish :checksum "73669b69e5f9a0c9261c5b53624329d0e24d1ed8")
        (comment-dwim-2 :checksum "8cedecde018b5872195bfead6511af822776a430")
        (avy-migemo :checksum "97020c34176538480cfd28004f16f9b5494315e6")
        (avy :checksum "f2bedeeb5804a4863bb53aca6f77195f7d530c38")
        (company-mode :checksum "9dbabd146c5884c1a1940eef010bcf834510a8e2")
        (emacs-async :checksum "d6222c2959caaca5c4980038756097da8a51e505")
        (elfeed-org :checksum "a54649f0fd83fd536213f58ee4268c67a799293a")
        (el-get-lock :checksum "df8cfe55441695865a64b97946750b6413a40425")
        (dired-hacks :checksum "eda68006ce73bbf6b9b995bfd70d08bec8cade36")
        (dash :checksum "1e14307e2d829d3e4d502991d572eb9a5d7f173f")
        (elfeed :checksum "f3eaa7421af79db3d4203b4b3afdf84c4796cd55")
        (easy-kill :checksum "e2b667f651a3531164d24ea4cbcd8c34fba0e17f")
        (el-get :checksum "5b623bc5fa394389be7b0c00fd0b32e8e6b024c3")
        (org-mode :checksum "b3ab012d6992e1989b10b81d8a1dbb71b0dfd0cf")
        (emacs-fish :checksum "888d037008272f6001207a2990e51ba87fe187e6")
        (xah-lookup :checksum "4843663678db42827d12f2514f8ad4e2f4abcfb9")
        (undo-tree :checksum "4cba00bb049cfaa2ee6821a9e347209a88a740b5")
        (exec-path-from-shell :checksum "5e355fbc50913d1ffe48bf86df0bcecd8b369ffb")
        (noflet :checksum "7ae84dc3257637af7334101456dafe1759c6b68a")
        (esup :checksum "a63ab0cd57a37317256b15a3f5f30c2b11d92c25")
        (org-reveal :checksum "55e273ac9f28ded8a13b20428a8fc518a326c1e6")
        (web-mode :checksum "c658359e80e6ba07f09aa72c5d8572039152857a")
        (yaml-mode :checksum "64b28913bfe910b147d6ee16488dbaedb1452ca6")
        (rbenv :checksum "2ea1a5bdc1266caef1dd77700f2c8f42429b03f1")
        (inf-ruby :checksum "c14a68d1643ac3f439234da6a8275b48cae970d3")
        (company-irony :checksum "b8001ffc4da7403172835d47bc740cfbac35364d")
        (irony-mode :checksum "db29f5851cb75f30e0bd1840f60a9d7d0e0b6dc1")
        (zoom-window :checksum "cd6ecc103fc30b171bda7daf1f44a550854d0dbf")
        (helm-c-yasnippet :checksum "65ca732b510bfc31636708aebcfe4d2d845b59b0")
        (yasnippet :checksum "8797a31337895fe5fb29727c5ef289168a856a1b")
        (which-key :checksum "9d2ba1bcba289fb81f92b797022b238c6b21f82e")
        (volatile-highlights :checksum "9a20091f0ce7fc0a6b3e641a6a46d5f3ac4d8392")
        (visual-regexp-steroids :checksum "a6420b25ec0fbba43bf57875827092e1196d8a9e")
        (visual-regexp :checksum "b3096c2d391ff4e28a2a4e8cd82efbf11071ea85")
        (transpose-mark :checksum "667327602004794de97214cf336ac61650ef75b7")
        (smartparens :checksum "5296ea87fe907fdc0b501698fd0d8d0cbb68c4ed")
        (smart-newline :checksum "0553a9e4be7188352de1a28f2eddfd28e7436f94")
        (shackle :checksum "979b021077655ca38749a60c9752c0817e8fd93e")
        (sequential-command-config :checksum "c35a1ef45d77612bc6cd1a8ad9b29f00423f433f")
        (sequential-command :checksum "2d211c05cbd630ac88bb34fe91715f76b853f138")
        (restart-emacs :checksum "dc25f00c3cab1c97db2ca4733e7e7e7805ae68f2")
        (redo+ :checksum "6c91a142cbb9914140c959c79bf8bdba0a0894e2")
        (quickrun :checksum "55bbe5d54b80206ea5a60bf2f58eb6368b2c8201")
        (persp-mode\.el :checksum "a33c91e3738996c058841ed1985c67bedd4875e1")
        (pangu-spacing :checksum "a4463dbb74abdeddb6c1c132a1f8fcf67ed87498")
        (open-junk-file :checksum "f87b93ec26e92dc747da43499d0cbf5ab70fd8c2")
        (narrow-indirect :checksum "a087be895603cb2f2555e77c7db93eadd7948262")
        (hydra :checksum "38ce88a9c3be11b0431080078095159b2211ca7a")
        (multiple-cursors :checksum "ddbe3ae932b6564c7429c3b2507510093ed1f3aa")
        (migemo :checksum "e4744efae1b2fdea2bbd2ceaff0f6ea0bb739f5a")
        (highlight-symbol :checksum "7a789c779648c55b16e43278e51be5898c121b3a")
        (helm-projectile :checksum "0e9ba276b3fbc420b8cbdc1b99262ccd5c750db7")
        (projectile :checksum "56e262dd3b5998d0dc6a590d06bc11058839c588")
        (helm-etags-plus :checksum "704f0991ee4a2298b01c33aafc224eef322e15e3")
        (helm-descbinds :checksum "6d5ddc11e6cef86548bd6b3e0d840112d602659c")
        (helm-dash :checksum "9a230125a7a11f5fa90aa048b61abd95eb78ddfe")
        (helm-ag :checksum "2fc02c4ead29bf0db06fd70740cc7c364cb650ac")
        (helm :checksum "d31a2a61b96fffa8a1f68872fdad0258d701a8ce")
        (google-translate :checksum "52d34c96b400b1b933c727933279f79256951b19")
        (flycheck :checksum "db3a745edb6b2678286e4d2bccebbb8d388c1a9e")
        (pkg-info :checksum "76ba7415480687d05a4353b27fea2ae02b8d9d61")
        (epl :checksum "a5ad061d0a5eb42f66c384e55d102da7d52c96b0")
        (expand-region :checksum "2357f1d5efd9d5b9e37f3513342237fec2629291")
        (goto-chg :checksum "50e58f9e6bb0b8b8e3a24ed817ff78512a770448")))
(setq el-get-lock-locked-packages 'nil)
(setq el-get-lock-unlocked-packages 'nil)
