(setq el-get-lock-package-versions
      '((mu4e :checksum "b9527245a85c0893aa2c5e0892df61320b45e12f")
        (magit :checksum "36d69369f7f9fb64954a4805576010957cf5b29a")
        (yasnippet-snippets :checksum "2373036c13d71c5fab2616d97498213f54688bd6")
        (elfeed-org :checksum "1a2bacc160d4e164f012ebf23f3ecccac85df18f")
        (elfeed :checksum "3b6f866ca35654600e2873c4fb798c3af1f3fbcd")
        (mew :checksum "36b36a154dab22e112cc19675cfd73478f2a5956")
        (use-package :checksum "676ecd2ffc832bd5fc054839e57c0f7ddf8ad561")
        (org-mode :checksum "d07ee7f7f2c591f170d55981c3acc0c402289749")
        (el-get :checksum "e065feaa545087dd49f690a838237fe6239b00f6")
        (restart-emacs :checksum "98aa4efd2caeaf0f42ca385c24fa14a843b271b7")
        (hydra :checksum "df3025f7e3cf3899168ae8ced1e9b734df2b32a0")
        (org-reveal :checksum "55e273ac9f28ded8a13b20428a8fc518a326c1e6")
        (request :checksum "48a35969f7c41810d550e6cdf784cb86c5a05a20")
        (deferred :checksum "2239671d94b38d92e9b28d4e12fd79814cfb9c16")
        (web-mode :checksum "4754211f44e9fe1389e4378553ad538460282225")
        (yaml-mode :checksum "28c34033194130d452d5c958b5241c88d42ca02b")
        (inf-ruby :checksum "674a2a837fccea88ada6634e981a656b41d16d8e")
        (emacs-fish :checksum "888d037008272f6001207a2990e51ba87fe187e6")
        (transpose-mark :checksum "667327602004794de97214cf336ac61650ef75b7")
        (exec-path-from-shell :checksum "5e355fbc50913d1ffe48bf86df0bcecd8b369ffb")
        (zoom-window :checksum "cd6ecc103fc30b171bda7daf1f44a550854d0dbf")
        (helm-c-yasnippet :checksum "65ca732b510bfc31636708aebcfe4d2d845b59b0")
        (yatemplate :checksum "07da11de32feb6cbce0f8c140c0304e3ba1b42c0")
        (yasnippet :checksum "5a29fe67d70de3749e30ebb37206395b4d1a51a8")
        (xah-lookup :checksum "cd5d622140e78e01d0ab32fcb43edc49f4e7fbb5")
        (which-key :checksum "6d2e17c949ff7bfebfe0b0878a93d94b31585031")
        (volatile-highlights :checksum "9a20091f0ce7fc0a6b3e641a6a46d5f3ac4d8392")
        (visual-regexp-steroids :checksum "a6420b25ec0fbba43bf57875827092e1196d8a9e")
        (visual-regexp :checksum "b3096c2d391ff4e28a2a4e8cd82efbf11071ea85")
        (undo-tree :checksum "e9a9102f515acd7523158f20e83f300600374989")
        (smartparens :checksum "cdd10bc259fe7303e40efd8a6a05c7e43d12a242")
        (smart-newline :checksum "0553a9e4be7188352de1a28f2eddfd28e7436f94")
        (shackle :checksum "4189c1c773aab533969b587f7801ffbcd1d7d613")
        (sequential-command-config :checksum "c35a1ef45d77612bc6cd1a8ad9b29f00423f433f")
        (sequential-command :checksum "2d211c05cbd630ac88bb34fe91715f76b853f138")
        (redo+ :checksum "6c91a142cbb9914140c959c79bf8bdba0a0894e2")
        (quickrun :checksum "55bbe5d54b80206ea5a60bf2f58eb6368b2c8201")
        (persp-mode\.el :checksum "ccf87da2c230c3a91e627105b0f034a954e6842a")
        (pangu-spacing :checksum "a4463dbb74abdeddb6c1c132a1f8fcf67ed87498")
        (open-junk-file :checksum "f87b93ec26e92dc747da43499d0cbf5ab70fd8c2")
        (multiple-cursors :checksum "10752700084595bb24712c27ba70a2326302e45b")
        (migemo :checksum "e4744efae1b2fdea2bbd2ceaff0f6ea0bb739f5a")
        (highlight-symbol :checksum "7a789c779648c55b16e43278e51be5898c121b3a")
        (helm-projectile :checksum "4466adbcada8be19ec97b9dba52e12b8da3da849")
        (projectile :checksum "dd48cb8af4cf41d109fb6d46f0c3f2134f37fcfb")
        (helm-etags-plus :checksum "704f0991ee4a2298b01c33aafc224eef322e15e3")
        (helm-descbinds :checksum "6d5ddc11e6cef86548bd6b3e0d840112d602659c")
        (helm-dash :checksum "2551469fb7faa1b7fdcbbcc3b143fdc8cab1ae66")
        (helm-ag :checksum "2fc02c4ead29bf0db06fd70740cc7c364cb650ac")
        (helm :checksum "c64c4447322575ac796e3ce0977bcd1c27c336e5")
        (google-translate :checksum "d8b84a8359fcc697114d1298840e9a45b111c974")
        (flycheck :checksum "77c2ca7d08c438f3887323277ce306d5e1a7b0d2")
        (pkg-info :checksum "76ba7415480687d05a4353b27fea2ae02b8d9d61")
        (epl :checksum "83797835f729f39b80acba4c7e83d73a2e410e26")
        (expand-region :checksum "2357f1d5efd9d5b9e37f3513342237fec2629291")))
(setq el-get-lock-locked-packages 'nil)
(setq el-get-lock-unlocked-packages 'nil)
