(setq el-get-lock-package-versions
      '((emms :checksum "3b608a5499f1151111029ba8a9cbcec4fcae46ef")
        (restart-emacs :checksum "9aa90d3df9e08bc420e1c9845ee3ff568e911bd9")
        (hydra :checksum "5b8f66299249cc771008248279544b8eb3ecdc19")
        (org-reveal :checksum "55e273ac9f28ded8a13b20428a8fc518a326c1e6")
        (request :checksum "48a35969f7c41810d550e6cdf784cb86c5a05a20")
        (web-mode :checksum "d9d4c7c43dec9c258345e046151d302141bd4448")
        (yaml-mode :checksum "40067a10ac1360f0b9533f0bbbb2eea128e2574d")
        (inf-ruby :checksum "49d59a7897f594e3be74ecbddae83719f9a6c0f0")
        (transpose-mark :checksum "667327602004794de97214cf336ac61650ef75b7")
        (exec-path-from-shell :checksum "54ea2f9c3c81d18b96e4d33c4c547e02eee420dc")
        (helm-c-yasnippet :checksum "65ca732b510bfc31636708aebcfe4d2d845b59b0")
        (yatemplate :checksum "d8b6a17ae1c91cfeaea8f502a5d0292197b86f21")
        (yasnippet-snippets :checksum "214ddf78e331ae72bc0ccdc9591475d3be82248b")
        (yasnippet :checksum "e67592ce1bd4ccc533107765bdfebfa02e9fb945")
        (xah-lookup :checksum "3029d8ec04e841c57b7482c244a1733eb4c77cb5")
        (which-key :checksum "a4095e8ee6f932e049cebd90ab41b95b869ce3e4")
        (volatile-highlights :checksum "9a20091f0ce7fc0a6b3e641a6a46d5f3ac4d8392")
        (visual-regexp-steroids :checksum "a6420b25ec0fbba43bf57875827092e1196d8a9e")
        (visual-regexp :checksum "b3096c2d391ff4e28a2a4e8cd82efbf11071ea85")
        (undo-tree :checksum "e9a9102f515acd7523158f20e83f300600374989")
        (smartparens :checksum "ec152cf95333bc44380ed6f64ec7d10bad6eeb7d")
        (smart-newline :checksum "0553a9e4be7188352de1a28f2eddfd28e7436f94")
        (shackle :checksum "4189c1c773aab533969b587f7801ffbcd1d7d613")
        (sequential-command-config :checksum "c35a1ef45d77612bc6cd1a8ad9b29f00423f433f")
        (sequential-command :checksum "2d211c05cbd630ac88bb34fe91715f76b853f138")
        (redo+ :checksum "6c91a142cbb9914140c959c79bf8bdba0a0894e2")
        (quickrun :checksum "55bbe5d54b80206ea5a60bf2f58eb6368b2c8201")
        (persp-mode\.el :checksum "cc1d16aeb17f45d7141fcdc45f8bbffa03b3127f")
        (pangu-spacing :checksum "a4463dbb74abdeddb6c1c132a1f8fcf67ed87498")
        (open-junk-file :checksum "f87b93ec26e92dc747da43499d0cbf5ab70fd8c2")
        (multiple-cursors :checksum "75dd6bf83af4eff83dc22e278c47264c1a41cd66")
        (migemo :checksum "e4744efae1b2fdea2bbd2ceaff0f6ea0bb739f5a")
        (highlight-symbol :checksum "7a789c779648c55b16e43278e51be5898c121b3a")
        (helm-projectile :checksum "a6a453b7a32d52f4ddd125deb88d7d81542440d2")
        (projectile :checksum "2c344d55ec6134a06c76b5f6a6be89851b05e186")
        (helm-etags-plus :checksum "704f0991ee4a2298b01c33aafc224eef322e15e3")
        (helm-descbinds :checksum "033be73f21778633813264ce1634a6e1ad873d8e")
        (helm-dash :checksum "0ac2db529577fa63f2ed32310062873c585b91de")
        (helm-ag :checksum "2fc02c4ead29bf0db06fd70740cc7c364cb650ac")
        (helm :checksum "344c4ef5c5f9ef5cb96d6e09c9dcf8622f9b2435")
        (google-translate :checksum "d8b84a8359fcc697114d1298840e9a45b111c974")
        (flycheck :checksum "2b8308c71df4c0946399c5a69b380e65d7f36b7f")
        (pkg-info :checksum "76ba7415480687d05a4353b27fea2ae02b8d9d61")
        (epl :checksum "78ab7a85c08222cd15582a298a364774e3282ce6")
        (expand-region :checksum "f99b7630efcdb47c9c6182489c55fba3bcaee521")))
(setq el-get-lock-locked-packages 'nil)
(setq el-get-lock-unlocked-packages 'nil)
