(setq el-get-lock-package-versions
      '((which-key :checksum "cd4310457920721e60eae520df6249aacd86afff")
        (hydra :checksum "38ce88a9c3be11b0431080078095159b2211ca7a")
        (recentf-ext :checksum "95f81dfac24d3f67002024f0a24e6b997bf6d647")
        (s :checksum "fc395c8d5e6c14d5e0920ab80d4d5df007eed14a")
        (avy-migemo :checksum "97020c34176538480cfd28004f16f9b5494315e6")
        (helm-etags-plus :checksum "704f0991ee4a2298b01c33aafc224eef322e15e3")
        (helm-dash :checksum "f07a77bd6ae6d8c933753f25526cbf3b71903e77")
        (narrow-indirect :checksum "a087be895603cb2f2555e77c7db93eadd7948262")
        (org-wiki :checksum "6748c44a6d6c46379c47cb95c9d0734a8c39b71f")
        (use-package :checksum "53bf803f1d3efc61653f94fe56ff30a72304861e")
        (google-translate :checksum "52d34c96b400b1b933c727933279f79256951b19")
        (twittering-mode :checksum "08a810167d47852367e7e8d56916c794f7b0fd04")
        (ddskk :checksum "df9d8a8332c9f75498bfecd870d7296c6ba0b42e")
        (zoom-window :checksum "cd6ecc103fc30b171bda7daf1f44a550854d0dbf")
        (web-mode :checksum "98be3285362a512d28a96ce4220c6dc295d5fee8")
        (transpose-mark :checksum "667327602004794de97214cf336ac61650ef75b7")
        (yaml-mode :checksum "f378589912af8731428198ef57546c616d941df0")
        (org-reveal :checksum "8f7cf6c3086c82cb9331397abb7c7417949225c9")
        (org-mode :checksum "871ecea3ca3d2f85d7af3e34cb6c4f8ffcd78c71")
        (org-tree-slide :checksum "fed7ec7e6df59cffcdb4c13a9345f4d828404dd8")
        (helm :checksum "9db9ed21c8d6454c60eb50c7cc935540d31abc43")
        (f :checksum "fabdbd4a4a8caf8684f0fa656f457a03c5dfa4de")
        (easy-kill :checksum "e2b667f651a3531164d24ea4cbcd8c34fba0e17f")
        (company-mode :checksum "b753952d5a0ee288b6c49b2d8dfa9a223ff59715")
        (company-irony :checksum "f1d6761c581fd12fa1188e26478c0229d8348332")
        (comment-dwim-2 :checksum "8cedecde018b5872195bfead6511af822776a430")
        (avy :checksum "f2bedeeb5804a4863bb53aca6f77195f7d530c38")
        (anzu :checksum "e6c56ca8b23ac433f7be58b6f3f50801dd4164e4")
        (helm-swoop :checksum "6d3fdcfb6dea06242efc8ff4cafff9917e558bfc")
        (el-get-lock :checksum "df8cfe55441695865a64b97946750b6413a40425")
        (dired-hacks :checksum "cab59f335430f86a5c94cc9d8812d5f4f8d843f6")
        (dash :checksum "98e819e407bbc35478cde30a74be15f077bd6d4b")
        (irony-mode :checksum "3a903459d0c368b318a00ad94a18484dafde67a5")
        (init-loader :checksum "287da99eadfa3dd85492506db43d68324069b593")
        (ht :checksum "8b9281611c49335e97f2b644e34aa07a47dc4b2a")
        (diminish :checksum "73669b69e5f9a0c9261c5b53624329d0e24d1ed8")
        (ace-jump-mode :checksum "8351e2df4fbbeb2a4003f2fb39f46d33803f3dac")
        (ace-isearch :checksum "33b98ecdb3d5a966cbfc0ec7b104be5afca14f25")
        (noflet :checksum "7ae84dc3257637af7334101456dafe1759c6b68a")
        (esup :checksum "7ab0f4cb39398528e7dee5200a7ccf7eb8f0a3db")
        (rbenv :checksum "2ea1a5bdc1266caef1dd77700f2c8f42429b03f1")
        (ruby-end :checksum "79b4ea788b9cae9282da809507d0a56aa9c057c8")
        (ruby-block :checksum "289c34dca6daa1a1591537e1c56b687c14631930")
        (inf-ruby :checksum "af4f238ef4555521d13c5eb2fb8e818acf59d70a")
        (pdf-tools :checksum "f314597b2e391f6564e4f9e5cc3af0b4b53f19e9")
        (tablist :checksum "f13b8f048d0bde14bcf4ee4c9006fcd875b28783")
        (with-editor :checksum "b2d9d6b38cbb3993d4c100b098fc7efc9274b9b4")
        (emacs-async :checksum "666066d30a420d86801d8380f5991f2b82471107")
        (elfeed :checksum "ea702790bb2af6cd10078dc3a1d22c95009231a2")
        (helm-c-yasnippet :checksum "65ca732b510bfc31636708aebcfe4d2d845b59b0")
        (yasnippet :checksum "9abf842e356e7b42fa105fe6284fb5ebe58a7ed1")
        (volatile-highlights :checksum "9a20091f0ce7fc0a6b3e641a6a46d5f3ac4d8392")
        (visual-regexp-steroids :checksum "6fe4e504ae7a532d67aead6089d68bb2406e4c25")
        (visual-regexp :checksum "4ab9426a831cf0620f49ba227fd10b9c71672274")
        (undohist :checksum "d2239a5f736724ceb9e3b6bcaa86f4064805cda0")
        (smartparens :checksum "f7db43d874ac82e4cdce234cb4e578d37207250a")
        (smart-newline :checksum "0553a9e4be7188352de1a28f2eddfd28e7436f94")
        (shackle :checksum "979b021077655ca38749a60c9752c0817e8fd93e")
        (sequential-command-config :checksum "c35a1ef45d77612bc6cd1a8ad9b29f00423f433f")
        (sequential-command :checksum "2d211c05cbd630ac88bb34fe91715f76b853f138")
        (restart-emacs :checksum "dc25f00c3cab1c97db2ca4733e7e7e7805ae68f2")
        (redo+ :checksum "6c91a142cbb9914140c959c79bf8bdba0a0894e2")
        (quickrun :checksum "55bbe5d54b80206ea5a60bf2f58eb6368b2c8201")
        (persp-mode\.el :checksum "651fe02ff10eece65c01ac8d286174cc8ffa87fa")
        (open-junk-file :checksum "f87b93ec26e92dc747da43499d0cbf5ab70fd8c2")
        (multiple-cursors :checksum "ddbe3ae932b6564c7429c3b2507510093ed1f3aa")
        (migemo :checksum "e4744efae1b2fdea2bbd2ceaff0f6ea0bb739f5a")
        (highlight-symbol :checksum "7a789c779648c55b16e43278e51be5898c121b3a")
        (helm-projectile :checksum "c987e81ededdcb69c5a7b2bb6efc32bc2398ce54")
        (projectile :checksum "da581cdfe4f4f63137f3320ed3dbda9cf6c20e14")
        (helm-descbinds :checksum "6d5ddc11e6cef86548bd6b3e0d840112d602659c")
        (helm-ag :checksum "2fc02c4ead29bf0db06fd70740cc7c364cb650ac")
        (flycheck :checksum "2d40aadedde2b4a5d0bc9094f19020128d242801")
        (pkg-info :checksum "76ba7415480687d05a4353b27fea2ae02b8d9d61")
        (epl :checksum "a5ad061d0a5eb42f66c384e55d102da7d52c96b0")
        (expand-region :checksum "d1252200bac2e0197497d6d57ab6fd004f1b2e77")
        (exec-path-from-shell :checksum "15d07666fb356008e612278f181292e2d2afc5fc")
        (evil-numbers :checksum "6ea1c8c3a9b37bed63d48f1128e9a4910e68187e")
        (undo-tree :checksum "4cba00bb049cfaa2ee6821a9e347209a88a740b5")
        (goto-chg :checksum "50e58f9e6bb0b8b8e3a24ed817ff78512a770448")
        (magit :checksum "513aeb2f7607f70bbaeb6dfc3cd9ad33d2547bc9")
        (mew :checksum "15469053c8d7996b82270179d879d6e1e038282b")
        (el-get :checksum "4274e2f59010150abf103cf8896db4d62e6cf08d")
        (pangu-spacing :checksum "a4463dbb74abdeddb6c1c132a1f8fcf67ed87498")
        (evil :checksum "273a714e2d073257f6604d03be53c5fd784117c4")))
(setq el-get-lock-locked-packages 'nil)
(setq el-get-lock-unlocked-packages 'nil)
