(setq el-get-lock-package-versions
      '((yatemplate :checksum "3854836489ce06bb65cf9aecbdc06aa5fc6801c5")
        (request :checksum "48a35969f7c41810d550e6cdf784cb86c5a05a20")
        (deferred :checksum "d012a1ab50edcc2c44e3e49006f054dbff47cb6c")
        (recentf-ext :checksum "95f81dfac24d3f67002024f0a24e6b997bf6d647")
        (s :checksum "e61dee51474e61b777575b474459c582f3084f64")
        (use-package :checksum "7b055494e39efba8b237202b7c97f40aa19e2579")
        (tablist :checksum "c834a84efb6efa32497efe1e73160fade741b836")
        (with-editor :checksum "791f985f63abe7f10de3fbd6fd49f9efac05a285")
        (twittering-mode :checksum "63c96fb029033b1a300b90aa922e167c7c405bcb")
        (magit :checksum "33201f76c27d21e91c2137aa5f19db18b2adb2e5")
        (mew :checksum "7ea2baefff668263bf011c72879c2aa88125f2de")
        (org-mode :checksum "4214211675bfa5c4dbe1dd5147eeeb9789aeb023")
        (pdf-tools :checksum "f314597b2e391f6564e4f9e5cc3af0b4b53f19e9")
        (init-loader :checksum "287da99eadfa3dd85492506db43d68324069b593")
        (ht :checksum "8b9281611c49335e97f2b644e34aa07a47dc4b2a")
        (f :checksum "fabdbd4a4a8caf8684f0fa656f457a03c5dfa4de")
        (avy-migemo :checksum "97020c34176538480cfd28004f16f9b5494315e6")
        (avy :checksum "228ed97d07d51e369eb6ad27bf408c5b3218a23b")
        (elfeed :checksum "79077efc34aad25bb43cf46a28a69a308196c972")
        (el-get-lock :checksum "df8cfe55441695865a64b97946750b6413a40425")
        (easy-kill :checksum "e2b667f651a3531164d24ea4cbcd8c34fba0e17f")
        (dired-hacks :checksum "f2826825b0743c7d76d4f52e107b1ba41201a9f4")
        (dash :checksum "0468a3137c9e0d49121213f416fc7e2547d46a77")
        (company-mode :checksum "a197b072dc93dbad238f1dc70da01e3775ebfb56")
        (emacs-async :checksum "d6222c2959caaca5c4980038756097da8a51e505")
        (elfeed-org :checksum "a54649f0fd83fd536213f58ee4268c67a799293a")
        (anzu :checksum "e6c56ca8b23ac433f7be58b6f3f50801dd4164e4")
        (diminish :checksum "73669b69e5f9a0c9261c5b53624329d0e24d1ed8")
        (comment-dwim-2 :checksum "8cedecde018b5872195bfead6511af822776a430")
        (el-get :checksum "4a1dde57e8a4d4c22ed279bac8253f5f16da9197")
        (noflet :checksum "7ae84dc3257637af7334101456dafe1759c6b68a")
        (esup :checksum "efaf44d0739391aed48c77b5cd3013b50027ed36")
        (org-reveal :checksum "55e273ac9f28ded8a13b20428a8fc518a326c1e6")
        (web-mode :checksum "e4304bcfa0c5121522ba2a5db75af8a2e4e81246")
        (yaml-mode :checksum "64b28913bfe910b147d6ee16488dbaedb1452ca6")
        (rbenv :checksum "2ea1a5bdc1266caef1dd77700f2c8f42429b03f1")
        (inf-ruby :checksum "c14a68d1643ac3f439234da6a8275b48cae970d3")
        (emacs-fish :checksum "888d037008272f6001207a2990e51ba87fe187e6")
        (company-irony :checksum "b8001ffc4da7403172835d47bc740cfbac35364d")
        (irony-mode :checksum "bf21cf4c442a930e6007b3ff5bd8af094318991f")
        (zoom-window :checksum "cd6ecc103fc30b171bda7daf1f44a550854d0dbf")
        (helm-c-yasnippet :checksum "65ca732b510bfc31636708aebcfe4d2d845b59b0")
        (yasnippet :checksum "1436d211d2395625905388807e6b7fc7afd3353e")
        (xah-lookup :checksum "91645ba91772bf4a1a20765722b72f7e374feacc")
        (which-key :checksum "3144b4c1fc774b63fc2350a0171e8ef01ab63298")
        (volatile-highlights :checksum "9a20091f0ce7fc0a6b3e641a6a46d5f3ac4d8392")
        (visual-regexp-steroids :checksum "a6420b25ec0fbba43bf57875827092e1196d8a9e")
        (visual-regexp :checksum "b3096c2d391ff4e28a2a4e8cd82efbf11071ea85")
        (undo-tree :checksum "e9a9102f515acd7523158f20e83f300600374989")
        (transpose-mark :checksum "667327602004794de97214cf336ac61650ef75b7")
        (smartparens :checksum "d4445621b88f36a391fc8bfabbed4db08dc88f33")
        (smart-newline :checksum "0553a9e4be7188352de1a28f2eddfd28e7436f94")
        (shackle :checksum "979b021077655ca38749a60c9752c0817e8fd93e")
        (sequential-command-config :checksum "c35a1ef45d77612bc6cd1a8ad9b29f00423f433f")
        (sequential-command :checksum "2d211c05cbd630ac88bb34fe91715f76b853f138")
        (restart-emacs :checksum "e6ac81464cce37b7ae3aea38dcf2720cc2750d31")
        (redo+ :checksum "6c91a142cbb9914140c959c79bf8bdba0a0894e2")
        (quickrun :checksum "55bbe5d54b80206ea5a60bf2f58eb6368b2c8201")
        (persp-mode\.el :checksum "a33c91e3738996c058841ed1985c67bedd4875e1")
        (pangu-spacing :checksum "a4463dbb74abdeddb6c1c132a1f8fcf67ed87498")
        (open-junk-file :checksum "f87b93ec26e92dc747da43499d0cbf5ab70fd8c2")
        (narrow-indirect :checksum "a087be895603cb2f2555e77c7db93eadd7948262")
        (hydra :checksum "38ce88a9c3be11b0431080078095159b2211ca7a")
        (multiple-cursors :checksum "c94566597a80c07a1782a75644fe1a2ca4f29bad")
        (migemo :checksum "e4744efae1b2fdea2bbd2ceaff0f6ea0bb739f5a")
        (highlight-symbol :checksum "7a789c779648c55b16e43278e51be5898c121b3a")
        (helm-projectile :checksum "0e9ba276b3fbc420b8cbdc1b99262ccd5c750db7")
        (projectile :checksum "56e262dd3b5998d0dc6a590d06bc11058839c588")
        (helm-etags-plus :checksum "704f0991ee4a2298b01c33aafc224eef322e15e3")
        (helm-descbinds :checksum "6d5ddc11e6cef86548bd6b3e0d840112d602659c")
        (helm-dash :checksum "9a230125a7a11f5fa90aa048b61abd95eb78ddfe")
        (helm-ag :checksum "2fc02c4ead29bf0db06fd70740cc7c364cb650ac")
        (helm :checksum "c60d896857c5a62db368dad0ae395d83820525f9")
        (google-translate :checksum "d8b84a8359fcc697114d1298840e9a45b111c974")
        (flycheck :checksum "a80fccf625d49a95dbfd6ae76216815b4d10b24b")
        (pkg-info :checksum "76ba7415480687d05a4353b27fea2ae02b8d9d61")
        (epl :checksum "a5ad061d0a5eb42f66c384e55d102da7d52c96b0")
        (exec-path-from-shell :checksum "5e355fbc50913d1ffe48bf86df0bcecd8b369ffb")
        (expand-region :checksum "2357f1d5efd9d5b9e37f3513342237fec2629291")))
(setq el-get-lock-locked-packages 'nil)
(setq el-get-lock-unlocked-packages 'nil)
